
Microsoft Visual Studio Solution File, Format Version 12.00
# Visual Studio Version 16
VisualStudioVersion = 16.0.31112.23
MinimumVisualStudioVersion = 10.0.40219.1
Project("{FAE04EC0-301F-11D3-BF4B-00C04F79EFBC}") = "Vector", "Vector.csproj", "{2EB3B30A-DAF9-41F9-A5CA-BADF6EC2E682}"
EndProject
Global
	GlobalSection(SolutionConfigurationPlatforms) = preSolution
		Debug|Any CPU = Debug|Any CPU
		Release|Any CPU = Release|Any CPU
	EndGlobalSection
	GlobalSection(ProjectConfigurationPlatforms) = postSolution
		{2EB3B30A-DAF9-41F9-A5CA-BADF6EC2E682}.Debug|Any CPU.ActiveCfg = Debug|Any CPU
		{2EB3B30A-DAF9-41F9-A5CA-BADF6EC2E682}.Debug|Any CPU.Build.0 = Debug|Any CPU
		{2EB3B30A-DAF9-41F9-A5CA-BADF6EC2E682}.Release|Any CPU.ActiveCfg = Release|Any CPU
		{2EB3B30A-DAF9-41F9-A5CA-BADF6EC2E682}.Release|Any CPU.Build.0 = Release|Any CPU
	EndGlobalSection
	GlobalSection(SolutionProperties) = preSolution
		HideSolutionNode = FALSE
	EndGlobalSection
	GlobalSection(ExtensibilityGlobals) = postSolution
		SolutionGuid = {54C84645-BF47-4A87-BB77-E8ECED81D7B2}
	EndGlobalSection
EndGlobal
